
Microsoft Visual Studio Solution File, Format Version 12.00
# Visual Studio Version 17
VisualStudioVersion = 17.7.34031.279
MinimumVisualStudioVersion = 10.0.40219.1
Project("{FAE04EC0-301F-11D3-BF4B-00C04F79EFBC}") = "Proyecto_de_Pila", "Proyecto_de_Pila.csproj", "{725348D2-A95D-478B-9747-9E8EF8F8C328}"
EndProject
Global
	GlobalSection(SolutionConfigurationPlatforms) = preSolution
		Debug|Any CPU = Debug|Any CPU
		Release|Any CPU = Release|Any CPU
	EndGlobalSection
	GlobalSection(ProjectConfigurationPlatforms) = postSolution
		{725348D2-A95D-478B-9747-9E8EF8F8C328}.Debug|Any CPU.ActiveCfg = Debug|Any CPU
		{725348D2-A95D-478B-9747-9E8EF8F8C328}.Debug|Any CPU.Build.0 = Debug|Any CPU
		{725348D2-A95D-478B-9747-9E8EF8F8C328}.Release|Any CPU.ActiveCfg = Release|Any CPU
		{725348D2-A95D-478B-9747-9E8EF8F8C328}.Release|Any CPU.Build.0 = Release|Any CPU
	EndGlobalSection
	GlobalSection(SolutionProperties) = preSolution
		HideSolutionNode = FALSE
	EndGlobalSection
	GlobalSection(ExtensibilityGlobals) = postSolution
		SolutionGuid = {2AAB73A1-DADB-4A6B-84C5-AE0DB827F5D0}
	EndGlobalSection
EndGlobal
